// !$*UTF8*$!
{
	archiveVersion = 1;
	classes = {
	};
	objectVersion = 50;
	objects = {

/* Begin PBXBuildFile section */
		FE74234C20ECF521005AA5EB /* AppDelegate.swift in Sources */ = {isa = PBXBuildFile; fileRef = FE74234B20ECF521005AA5EB /* AppDelegate.swift */; };
		FE74234E20ECF521005AA5EB /* ViewController.swift in Sources */ = {isa = PBXBuildFile; fileRef = FE74234D20ECF521005AA5EB /* ViewController.swift */; };
		FE74235120ECF521005AA5EB /* Main.storyboard in Resources */ = {isa = PBXBuildFile; fileRef = FE74234F20ECF521005AA5EB /* Main.storyboard */; };
		FE74235320ECF526005AA5EB /* Assets.xcassets in Resources */ = {isa = PBXBuildFile; fileRef = FE74235220ECF526005AA5EB /* Assets.xcassets */; };
		FE74235620ECF526005AA5EB /* LaunchScreen.storyboard in Resources */ = {isa = PBXBuildFile; fileRef = FE74235420ECF526005AA5EB /* LaunchScreen.storyboard */; };
		FE74235E20ED10DA005AA5EB /* CountingLabel.swift in Sources */ = {isa = PBXBuildFile; fileRef = FE74235D20ED10DA005AA5EB /* CountingLabel.swift */; };
		FE74236020ED17C9005AA5EB /* StatsStackView.swift in Sources */ = {isa = PBXBuildFile; fileRef = FE74235F20ED17C9005AA5EB /* StatsStackView.swift */; };
/* End PBXBuildFile section */

/* Begin PBXFileReference section */
		FE74234820ECF521005AA5EB /* CountingAnimation.app */ = {isa = PBXFileReference; explicitFileType = wrapper.application; includeInIndex = 0; path = CountingAnimation.app; sourceTree = BUILT_PRODUCTS_DIR; };
		FE74234B20ECF521005AA5EB /* AppDelegate.swift */ = {isa = PBXFileReference; lastKnownFileType = sourcecode.swift; path = AppDelegate.swift; sourceTree = "<group>"; };
		FE74234D20ECF521005AA5EB /* ViewController.swift */ = {isa = PBXFileReference; lastKnownFileType = sourcecode.swift; path = ViewController.swift; sourceTree = "<group>"; };
		FE74235020ECF521005AA5EB /* Base */ = {isa = PBXFileReference; lastKnownFileType = file.storyboard; name = Base; path = Base.lproj/Main.storyboard; sourceTree = "<group>"; };
		FE74235220ECF526005AA5EB /* Assets.xcassets */ = {isa = PBXFileReference; lastKnownFileType = folder.assetcatalog; path = Assets.xcassets; sourceTree = "<group>"; };
		FE74235520ECF526005AA5EB /* Base */ = {isa = PBXFileReference; lastKnownFileType = file.storyboard; name = Base; path = Base.lproj/LaunchScreen.storyboard; sourceTree = "<group>"; };
		FE74235720ECF526005AA5EB /* Info.plist */ = {isa = PBXFileReference; lastKnownFileType = text.plist.xml; path = Info.plist; sourceTree = "<group>"; };
		FE74235D20ED10DA005AA5EB /* CountingLabel.swift */ = {isa = PBXFileReference; lastKnownFileType = sourcecode.swift; path = CountingLabel.swift; sourceTree = "<group>"; };
		FE74235F20ED17C9005AA5EB /* StatsStackView.swift */ = {isa = PBXFileReference; lastKnownFileType = sourcecode.swift; path = StatsStackView.swift; sourceTree = "<group>"; };
/* End PBXFileReference section */

/* Begin PBXFrameworksBuildPhase section */
		FE74234520ECF521005AA5EB /* Frameworks */ = {
			isa = PBXFrameworksBuildPhase;
			buildActionMask = 2147483647;
			files = (
			);
			runOnlyForDeploymentPostprocessing = 0;
		};
/* End PBXFrameworksBuildPhase section */

/* Begin PBXGroup section */
		FE74233F20ECF521005AA5EB = {
			isa = PBXGroup;
			children = (
				FE74234A20ECF521005AA5EB /* CountingAnimation */,
				FE74234920ECF521005AA5EB /* Products */,
			);
			sourceTree = "<group>";
		};
		FE74234920ECF521005AA5EB /* Products */ = {
			isa = PBXGroup;
			children = (
				FE74234820ECF521005AA5EB /* CountingAnimation.app */,
			);
			name = Products;
			sourceTree = "<group>";
		};
		FE74234A20ECF521005AA5EB /* CountingAnimation */ = {
			isa = PBXGroup;
			children = (
				FE74234B20ECF521005AA5EB /* AppDelegate.swift */,
				FE74234D20ECF521005AA5EB /* ViewController.swift */,
				FE74234F20ECF521005AA5EB /* Main.storyboard */,
				FE74235220ECF526005AA5EB /* Assets.xcassets */,
				FE74235420ECF526005AA5EB /* LaunchScreen.storyboard */,
				FE74235720ECF526005AA5EB /* Info.plist */,
				FE74235D20ED10DA005AA5EB /* CountingLabel.swift */,
				FE74235F20ED17C9005AA5EB /* StatsStackView.swift */,
			);
			path = CountingAnimation;
			sourceTree = "<group>";
		};
/* End PBXGroup section */

/* Begin PBXNativeTarget section */
		FE74234720ECF521005AA5EB /* CountingAnimation */ = {
			isa = PBXNativeTarget;
			buildConfigurationList = FE74235A20ECF526005AA5EB /* Build configuration list for PBXNativeTarget "CountingAnimation" */;
			buildPhases = (
				FE74234420ECF521005AA5EB /* Sources */,
				FE74234520ECF521005AA5EB /* Frameworks */,
				FE74234620ECF521005AA5EB /* Resources */,
			);
			buildRules = (
			);
			dependencies = (
			);
			name = CountingAnimation;
			productName = CountingAnimation;
			productReference = FE74234820ECF521005AA5EB /* CountingAnimation.app */;
			productType = "com.apple.product-type.application";
		};
/* End PBXNativeTarget section */

/* Begin PBXProject section */
		FE74234020ECF521005AA5EB /* Project object */ = {
			isa = PBXProject;
			attributes = {
				LastSwiftUpdateCheck = 0930;
				LastUpgradeCheck = 0930;
				ORGANIZATIONNAME = Tandem;
				TargetAttributes = {
					FE74234720ECF521005AA5EB = {
						CreatedOnToolsVersion = 9.3;
					};
				};
			};
			buildConfigurationList = FE74234320ECF521005AA5EB /* Build configuration list for PBXProject "CountingAnimation" */;
			compatibilityVersion = "Xcode 9.3";
			developmentRegion = en;
			hasScannedForEncodings = 0;
			knownRegions = (
				en,
				Base,
			);
			mainGroup = FE74233F20ECF521005AA5EB;
			productRefGroup = FE74234920ECF521005AA5EB /* Products */;
			projectDirPath = "";
			projectRoot = "";
			targets = (
				FE74234720ECF521005AA5EB /* CountingAnimation */,
			);
		};
/* End PBXProject section */

/* Begin PBXResourcesBuildPhase section */
		FE74234620ECF521005AA5EB /* Resources */ = {
			isa = PBXResourcesBuildPhase;
			buildActionMask = 2147483647;
			files = (
				FE74235620ECF526005AA5EB /* LaunchScreen.storyboard in Resources */,
				FE74235320ECF526005AA5EB /* Assets.xcassets in Resources */,
				FE74235120ECF521005AA5EB /* Main.storyboard in Resources */,
			);
			runOnlyForDeploymentPostprocessing = 0;
		};
/* End PBXResourcesBuildPhase section */

/* Begin PBXSourcesBuildPhase section */
		FE74234420ECF521005AA5EB /* Sources */ = {
			isa = PBXSourcesBuildPhase;
			buildActionMask = 2147483647;
			files = (
				FE74234E20ECF521005AA5EB /* ViewController.swift in Sources */,
				FE74235E20ED10DA005AA5EB /* CountingLabel.swift in Sources */,
				FE74234C20ECF521005AA5EB /* AppDelegate.swift in Sources */,
				FE74236020ED17C9005AA5EB /* StatsStackView.swift in Sources */,
			);
			runOnlyForDeploymentPostprocessing = 0;
		};
/* End PBXSourcesBuildPhase section */

/* Begin PBXVariantGroup section */
		FE74234F20ECF521005AA5EB /* Main.storyboard */ = {
			isa = PBXVariantGroup;
			children = (
				FE74235020ECF521005AA5EB /* Base */,
			);
			name = Main.storyboard;
			sourceTree = "<group>";
		};
		FE74235420ECF526005AA5EB /* LaunchScreen.storyboard */ = {
			isa = PBXVariantGroup;
			children = (
				FE74235520ECF526005AA5EB /* Base */,
			);
			name = LaunchScreen.storyboard;
			sourceTree = "<group>";
		};
/* End PBXVariantGroup section */

/* Begin XCBuildConfiguration section */
		FE74235820ECF526005AA5EB /* Debug */ = {
			isa = XCBuildConfiguration;
			buildSettings = {
				ALWAYS_SEARCH_USER_PATHS = NO;
				CLANG_ANALYZER_NONNULL = YES;
				CLANG_ANALYZER_NUMBER_OBJECT_CONVERSION = YES_AGGRESSIVE;
				CLANG_CXX_LANGUAGE_STANDARD = "gnu++14";
				CLANG_CXX_LIBRARY = "libc++";
				CLANG_ENABLE_MODULES = YES;
				CLANG_ENABLE_OBJC_ARC = YES;
				CLANG_ENABLE_OBJC_WEAK = YES;
				CLANG_WARN_BLOCK_CAPTURE_AUTORELEASING = YES;
				CLANG_WARN_BOOL_CONVERSION = YES;
				CLANG_WARN_COMMA = YES;
				CLANG_WARN_CONSTANT_CONVERSION = YES;
				CLANG_WARN_DEPRECATED_OBJC_IMPLEMENTATIONS = YES;
				CLANG_WARN_DIRECT_OBJC_ISA_USAGE = YES_ERROR;
				CLANG_WARN_DOCUMENTATION_COMMENTS = YES;
				CLANG_WARN_EMPTY_BODY = YES;
				CLANG_WARN_ENUM_CONVERSION = YES;
				CLANG_WARN_INFINITE_RECURSION = YES;
				CLANG_WARN_INT_CONVERSION = YES;
				CLANG_WARN_NON_LITERAL_NULL_CONVERSION = YES;
				CLANG_WARN_OBJC_IMPLICIT_RETAIN_SELF = YES;
				CLANG_WARN_OBJC_LITERAL_CONVERSION = YES;
				CLANG_WARN_OBJC_ROOT_CLASS = YES_ERROR;
				CLANG_WARN_RANGE_LOOP_ANALYSIS = YES;
				CLANG_WARN_STRICT_PROTOTYPES = YES;
				CLANG_WARN_SUSPICIOUS_MOVE = YES;
				CLANG_WARN_UNGUARDED_AVAILABILITY = YES_AGGRESSIVE;
				CLANG_WARN_UNREACHABLE_CODE = YES;
				CLANG_WARN__DUPLICATE_METHOD_MATCH = YES;
				CODE_SIGN_IDENTITY = "iPhone Developer";
				COPY_PHASE_STRIP = NO;
				DEBUG_INFORMATION_FORMAT = dwarf;
				ENABLE_STRICT_OBJC_MSGSEND = YES;
				ENABLE_TESTABILITY = YES;
				GCC_C_LANGUAGE_STANDARD = gnu11;
				GCC_DYNAMIC_NO_PIC = NO;
				GCC_NO_COMMON_BLOCKS = YES;
				GCC_OPTIMIZATION_LEVEL = 0;
				GCC_PREPROCESSOR_DEFINITIONS = (
					"DEBUG=1",
					"$(inherited)",
				);
				GCC_WARN_64_TO_32_BIT_CONVERSION = YES;
				GCC_WARN_ABOUT_RETURN_TYPE = YES_ERROR;
				GCC_WARN_UNDECLARED_SELECTOR = YES;
				GCC_WARN_UNINITIALIZED_AUTOS = YES_AGGRESSIVE;
				GCC_WARN_UNUSED_FUNCTION = YES;
				GCC_WARN_UNUSED_VARIABLE = YES;
				IPHONEOS_DEPLOYMENT_TARGET = 11.3;
				MTL_ENABLE_DEBUG_INFO = YES;
				ONLY_ACTIVE_ARCH = YES;
				SDKROOT = iphoneos;
				SWIFT_ACTIVE_COMPILATION_CONDITIONS = DEBUG;
				SWIFT_OPTIMIZATION_LEVEL = "-Onone";
			};
			name = Debug;
		};
		FE74235920ECF526005AA5EB /* Release */ = {
			isa = XCBuildConfiguration;
			buildSettings = {
				ALWAYS_SEARCH_USER_PATHS = NO;
				CLANG_ANALYZER_NONNULL = YES;
				CLANG_ANALYZER_NUMBER_OBJECT_CONVERSION = YES_AGGRESSIVE;
				CLANG_CXX_LANGUAGE_STANDARD = "gnu++14";
				CLANG_CXX_LIBRARY = "libc++";
				CLANG_ENABLE_MODULES = YES;
				CLANG_ENABLE_OBJC_ARC = YES;
				CLANG_ENABLE_OBJC_WEAK = YES;
				CLANG_WARN_BLOCK_CAPTURE_AUTORELEASING = YES;
				CLANG_WARN_BOOL_CONVERSION = YES;
				CLANG_WARN_COMMA = YES;
				CLANG_WARN_CONSTANT_CONVERSION = YES;
				CLANG_WARN_DEPRECATED_OBJC_IMPLEMENTATIONS = YES;
				CLANG_WARN_DIRECT_OBJC_ISA_USAGE = YES_ERROR;
				CLANG_WARN_DOCUMENTATION_COMMENTS = YES;
				CLANG_WARN_EMPTY_BODY = YES;
				CLANG_WARN_ENUM_CONVERSION = YES;
				CLANG_WARN_INFINITE_RECURSION = YES;
				CLANG_WARN_INT_CONVERSION = YES;
				CLANG_WARN_NON_LITERAL_NULL_CONVERSION = YES;
				CLANG_WARN_OBJC_IMPLICIT_RETAIN_SELF = YES;
				CLANG_WARN_OBJC_LITERAL_CONVERSION = YES;
				CLANG_WARN_OBJC_ROOT_CLASS = YES_ERROR;
				CLANG_WARN_RANGE_LOOP_ANALYSIS = YES;
				CLANG_WARN_STRICT_PROTOTYPES = YES;
				CLANG_WARN_SUSPICIOUS_MOVE = YES;
				CLANG_WARN_UNGUARDED_AVAILABILITY = YES_AGGRESSIVE;
				CLANG_WARN_UNREACHABLE_CODE = YES;
				CLANG_WARN__DUPLICATE_METHOD_MATCH = YES;
				CODE_SIGN_IDENTITY = "iPhone Developer";
				COPY_PHASE_STRIP = NO;
				DEBUG_INFORMATION_FORMAT = "dwarf-with-dsym";
				ENABLE_NS_ASSERTIONS = NO;
				ENABLE_STRICT_OBJC_MSGSEND = YES;
				GCC_C_LANGUAGE_STANDARD = gnu11;
				GCC_NO_COMMON_BLOCKS = YES;
				GCC_WARN_64_TO_32_BIT_CONVERSION = YES;
				GCC_WARN_ABOUT_RETURN_TYPE = YES_ERROR;
				GCC_WARN_UNDECLARED_SELECTOR = YES;
				GCC_WARN_UNINITIALIZED_AUTOS = YES_AGGRESSIVE;
				GCC_WARN_UNUSED_FUNCTION = YES;
				GCC_WARN_UNUSED_VARIABLE = YES;
				IPHONEOS_DEPLOYMENT_TARGET = 11.3;
				MTL_ENABLE_DEBUG_INFO = NO;
				SDKROOT = iphoneos;
				SWIFT_COMPILATION_MODE = wholemodule;
				SWIFT_OPTIMIZATION_LEVEL = "-O";
				VALIDATE_PRODUCT = YES;
			};
			name = Release;
		};
		FE74235B20ECF526005AA5EB /* Debug */ = {
			isa = XCBuildConfiguration;
			buildSettings = {
				ASSETCATALOG_COMPILER_APPICON_NAME = AppIcon;
				CODE_SIGN_STYLE = Automatic;
				DEVELOPMENT_TEAM = F4U9S4926J;
				INFOPLIST_FILE = CountingAnimation/Info.plist;
				LD_RUNPATH_SEARCH_PATHS = (
					"$(inherited)",
					"@executable_path/Frameworks",
				);
				PRODUCT_BUNDLE_IDENTIFIER = com.tandemasia.CountingAnimation;
				PRODUCT_NAME = "$(TARGET_NAME)";
				SWIFT_VERSION = 4.0;
				TARGETED_DEVICE_FAMILY = "1,2";
			};
			name = Debug;
		};
		FE74235C20ECF526005AA5EB /* Release */ = {
			isa = XCBuildConfiguration;
			buildSettings = {
				ASSETCATALOG_COMPILER_APPICON_NAME = AppIcon;
				CODE_SIGN_STYLE = Automatic;
				DEVELOPMENT_TEAM = F4U9S4926J;
				INFOPLIST_FILE = CountingAnimation/Info.plist;
				LD_RUNPATH_SEARCH_PATHS = (
					"$(inherited)",
					"@executable_path/Frameworks",
				);
				PRODUCT_BUNDLE_IDENTIFIER = com.tandemasia.CountingAnimation;
				PRODUCT_NAME = "$(TARGET_NAME)";
				SWIFT_VERSION = 4.0;
				TARGETED_DEVICE_FAMILY = "1,2";
			};
			name = Release;
		};
/* End XCBuildConfiguration section */

/* Begin XCConfigurationList section */
		FE74234320ECF521005AA5EB /* Build configuration list for PBXProject "CountingAnimation" */ = {
			isa = XCConfigurationList;
			buildConfigurations = (
				FE74235820ECF526005AA5EB /* Debug */,
				FE74235920ECF526005AA5EB /* Release */,
			);
			defaultConfigurationIsVisible = 0;
			defaultConfigurationName = Release;
		};
		FE74235A20ECF526005AA5EB /* Build configuration list for PBXNativeTarget "CountingAnimation" */ = {
			isa = XCConfigurationList;
			buildConfigurations = (
				FE74235B20ECF526005AA5EB /* Debug */,
				FE74235C20ECF526005AA5EB /* Release */,
			);
			defaultConfigurationIsVisible = 0;
			defaultConfigurationName = Release;
		};
/* End XCConfigurationList section */
	};
	rootObject = FE74234020ECF521005AA5EB /* Project object */;
}
